
Microsoft Visual Studio Solution File, Format Version 12.00
# Visual Studio Version 17
VisualStudioVersion = 17.9.34902.65
MinimumVisualStudioVersion = 10.0.40219.1
Project("{FAE04EC0-301F-11D3-BF4B-00C04F79EFBC}") = "InstantMessaging", "InstantMessaging\InstantMessaging.csproj", "{D22028AA-1B5A-464D-A593-5E0D9EB8264F}"
EndProject
Project("{FAE04EC0-301F-11D3-BF4B-00C04F79EFBC}") = "Klijent", "Klijent\Klijent.csproj", "{4B890A8D-93DA-4A66-BCCE-813A1576B776}"
EndProject
Project("{FAE04EC0-301F-11D3-BF4B-00C04F79EFBC}") = "Server", "Server\Server.csproj", "{4D38FCBE-6E8E-4464-9008-34CB18FEB813}"
EndProject
Global
	GlobalSection(SolutionConfigurationPlatforms) = preSolution
		Debug|Any CPU = Debug|Any CPU
		Release|Any CPU = Release|Any CPU
	EndGlobalSection
	GlobalSection(ProjectConfigurationPlatforms) = postSolution
		{D22028AA-1B5A-464D-A593-5E0D9EB8264F}.Debug|Any CPU.ActiveCfg = Debug|Any CPU
		{D22028AA-1B5A-464D-A593-5E0D9EB8264F}.Debug|Any CPU.Build.0 = Debug|Any CPU
		{D22028AA-1B5A-464D-A593-5E0D9EB8264F}.Release|Any CPU.ActiveCfg = Release|Any CPU
		{D22028AA-1B5A-464D-A593-5E0D9EB8264F}.Release|Any CPU.Build.0 = Release|Any CPU
		{4B890A8D-93DA-4A66-BCCE-813A1576B776}.Debug|Any CPU.ActiveCfg = Debug|Any CPU
		{4B890A8D-93DA-4A66-BCCE-813A1576B776}.Debug|Any CPU.Build.0 = Debug|Any CPU
		{4B890A8D-93DA-4A66-BCCE-813A1576B776}.Release|Any CPU.ActiveCfg = Release|Any CPU
		{4B890A8D-93DA-4A66-BCCE-813A1576B776}.Release|Any CPU.Build.0 = Release|Any CPU
		{4D38FCBE-6E8E-4464-9008-34CB18FEB813}.Debug|Any CPU.ActiveCfg = Debug|Any CPU
		{4D38FCBE-6E8E-4464-9008-34CB18FEB813}.Debug|Any CPU.Build.0 = Debug|Any CPU
		{4D38FCBE-6E8E-4464-9008-34CB18FEB813}.Release|Any CPU.ActiveCfg = Release|Any CPU
		{4D38FCBE-6E8E-4464-9008-34CB18FEB813}.Release|Any CPU.Build.0 = Release|Any CPU
	EndGlobalSection
	GlobalSection(SolutionProperties) = preSolution
		HideSolutionNode = FALSE
	EndGlobalSection
	GlobalSection(ExtensibilityGlobals) = postSolution
		SolutionGuid = {5F675BB2-BE7A-4B40-AFBE-C15CA0EE22F2}
	EndGlobalSection
EndGlobal
